
Microsoft Visual Studio Solution File, Format Version 12.00
# Visual Studio Version 17
VisualStudioVersion = 17.7.34031.279
MinimumVisualStudioVersion = 10.0.40219.1
Project("{FAE04EC0-301F-11D3-BF4B-00C04F79EFBC}") = "WpfAppexampl", "WpfAppexampl.csproj", "{F60CC38D-937C-4B1B-8FA7-8B4D00E8DF18}"
EndProject
Global
	GlobalSection(SolutionConfigurationPlatforms) = preSolution
		Debug|Any CPU = Debug|Any CPU
		Release|Any CPU = Release|Any CPU
	EndGlobalSection
	GlobalSection(ProjectConfigurationPlatforms) = postSolution
		{F60CC38D-937C-4B1B-8FA7-8B4D00E8DF18}.Debug|Any CPU.ActiveCfg = Debug|Any CPU
		{F60CC38D-937C-4B1B-8FA7-8B4D00E8DF18}.Debug|Any CPU.Build.0 = Debug|Any CPU
		{F60CC38D-937C-4B1B-8FA7-8B4D00E8DF18}.Release|Any CPU.ActiveCfg = Release|Any CPU
		{F60CC38D-937C-4B1B-8FA7-8B4D00E8DF18}.Release|Any CPU.Build.0 = Release|Any CPU
	EndGlobalSection
	GlobalSection(SolutionProperties) = preSolution
		HideSolutionNode = FALSE
	EndGlobalSection
	GlobalSection(ExtensibilityGlobals) = postSolution
		SolutionGuid = {A4B5C6B4-0D7A-4C37-975B-573DD4A00D52}
	EndGlobalSection
EndGlobal
